
Microsoft Visual Studio Solution File, Format Version 12.00
# Visual Studio Version 16
VisualStudioVersion = 16.0.30523.141
MinimumVisualStudioVersion = 10.0.40219.1
Project("{FAE04EC0-301F-11D3-BF4B-00C04F79EFBC}") = "InterPlayers", "InterPlayers.csproj", "{AAA787F2-B247-486F-B60F-EA73F6EC0CF5}"
EndProject
Global
	GlobalSection(SolutionConfigurationPlatforms) = preSolution
		Debug|Any CPU = Debug|Any CPU
		Release|Any CPU = Release|Any CPU
	EndGlobalSection
	GlobalSection(ProjectConfigurationPlatforms) = postSolution
		{AAA787F2-B247-486F-B60F-EA73F6EC0CF5}.Debug|Any CPU.ActiveCfg = Debug|Any CPU
		{AAA787F2-B247-486F-B60F-EA73F6EC0CF5}.Debug|Any CPU.Build.0 = Debug|Any CPU
		{AAA787F2-B247-486F-B60F-EA73F6EC0CF5}.Release|Any CPU.ActiveCfg = Release|Any CPU
		{AAA787F2-B247-486F-B60F-EA73F6EC0CF5}.Release|Any CPU.Build.0 = Release|Any CPU
	EndGlobalSection
	GlobalSection(SolutionProperties) = preSolution
		HideSolutionNode = FALSE
	EndGlobalSection
	GlobalSection(ExtensibilityGlobals) = postSolution
		SolutionGuid = {F7BA77AA-BDAB-4E80-8B87-F90507CE2689}
	EndGlobalSection
EndGlobal
